// !$*UTF8*$!
{
	archiveVersion = 1;
	classes = {
	};
	objectVersion = 48;
	objects = {

/* Begin PBXBuildFile section */
		A71FC99D1FDBD7B500DEB4FD /* UIViewExt.m in Sources */ = {isa = PBXBuildFile; fileRef = A71FC99C1FDBD7B500DEB4FD /* UIViewExt.m */; };
		A769C2CA1FE103FD00816AD4 /* SearchView.m in Sources */ = {isa = PBXBuildFile; fileRef = A769C2C91FE103FD00816AD4 /* SearchView.m */; };
		A769C2CD1FE7ACF000816AD4 /* camera02.png in Resources */ = {isa = PBXBuildFile; fileRef = A769C2CC1FE7ACF000816AD4 /* camera02.png */; };
		A769C2CF1FE7ACF700816AD4 /* camera01.png in Resources */ = {isa = PBXBuildFile; fileRef = A769C2CE1FE7ACF700816AD4 /* camera01.png */; };
		A77676CB1FD53C50003DE9F8 /* BaseViewController.m in Sources */ = {isa = PBXBuildFile; fileRef = A77676BE1FD53C50003DE9F8 /* BaseViewController.m */; };
		A77676CC1FD53C50003DE9F8 /* BaseTabBarController.m in Sources */ = {isa = PBXBuildFile; fileRef = A77676C01FD53C50003DE9F8 /* BaseTabBarController.m */; };
		A77676CD1FD53C50003DE9F8 /* NewsViewController.m in Sources */ = {isa = PBXBuildFile; fileRef = A77676C31FD53C50003DE9F8 /* NewsViewController.m */; };
		A77676CE1FD53C50003DE9F8 /* HomeViewController.m in Sources */ = {isa = PBXBuildFile; fileRef = A77676C41FD53C50003DE9F8 /* HomeViewController.m */; };
		A77676CF1FD53C50003DE9F8 /* DetailsViewController.m in Sources */ = {isa = PBXBuildFile; fileRef = A77676C81FD53C50003DE9F8 /* DetailsViewController.m */; };
		A77676D01FD53C50003DE9F8 /* MyViewController.m in Sources */ = {isa = PBXBuildFile; fileRef = A77676CA1FD53C50003DE9F8 /* MyViewController.m */; };
		A77676E41FD53C59003DE9F8 /* Home_check@2x.png in Resources */ = {isa = PBXBuildFile; fileRef = A77676D41FD53C59003DE9F8 /* Home_check@2x.png */; };
		A77676E51FD53C59003DE9F8 /* news_check@2x.png in Resources */ = {isa = PBXBuildFile; fileRef = A77676D51FD53C59003DE9F8 /* news_check@2x.png */; };
		A77676E61FD53C59003DE9F8 /* news_uncheck.png in Resources */ = {isa = PBXBuildFile; fileRef = A77676D61FD53C59003DE9F8 /* news_uncheck.png */; };
		A77676E71FD53C59003DE9F8 /* My_uncheck@2x.png in Resources */ = {isa = PBXBuildFile; fileRef = A77676D71FD53C59003DE9F8 /* My_uncheck@2x.png */; };
		A77676E81FD53C59003DE9F8 /* Home_uncheck@2x.png in Resources */ = {isa = PBXBuildFile; fileRef = A77676D81FD53C59003DE9F8 /* Home_uncheck@2x.png */; };
		A77676E91FD53C59003DE9F8 /* news_check.png in Resources */ = {isa = PBXBuildFile; fileRef = A77676D91FD53C59003DE9F8 /* news_check.png */; };
		A77676EA1FD53C59003DE9F8 /* Detail_check@2x.png in Resources */ = {isa = PBXBuildFile; fileRef = A77676DA1FD53C59003DE9F8 /* Detail_check@2x.png */; };
		A77676EB1FD53C59003DE9F8 /* Home_check.png in Resources */ = {isa = PBXBuildFile; fileRef = A77676DB1FD53C59003DE9F8 /* Home_check.png */; };
		A77676EC1FD53C59003DE9F8 /* news_uncheck@2x.png in Resources */ = {isa = PBXBuildFile; fileRef = A77676DC1FD53C59003DE9F8 /* news_uncheck@2x.png */; };
		A77676ED1FD53C59003DE9F8 /* My_check.png in Resources */ = {isa = PBXBuildFile; fileRef = A77676DD1FD53C59003DE9F8 /* My_check.png */; };
		A77676EE1FD53C59003DE9F8 /* My_uncheck.png in Resources */ = {isa = PBXBuildFile; fileRef = A77676DE1FD53C59003DE9F8 /* My_uncheck.png */; };
		A77676EF1FD53C59003DE9F8 /* Detail_uncheck@2x.png in Resources */ = {isa = PBXBuildFile; fileRef = A77676DF1FD53C59003DE9F8 /* Detail_uncheck@2x.png */; };
		A77676F01FD53C59003DE9F8 /* Detail_check.png in Resources */ = {isa = PBXBuildFile; fileRef = A77676E01FD53C59003DE9F8 /* Detail_check.png */; };
		A77676F11FD53C59003DE9F8 /* Home_uncheck.png in Resources */ = {isa = PBXBuildFile; fileRef = A77676E11FD53C59003DE9F8 /* Home_uncheck.png */; };
		A77676F21FD53C5A003DE9F8 /* My_check@2x.png in Resources */ = {isa = PBXBuildFile; fileRef = A77676E21FD53C59003DE9F8 /* My_check@2x.png */; };
		A77676F31FD53C5A003DE9F8 /* Detail_uncheck.png in Resources */ = {isa = PBXBuildFile; fileRef = A77676E31FD53C59003DE9F8 /* Detail_uncheck.png */; };
		A77676F91FD53C69003DE9F8 /* UIColor+ColorChange.m in Sources */ = {isa = PBXBuildFile; fileRef = A77676F71FD53C69003DE9F8 /* UIColor+ColorChange.m */; };
		A77677101FD54B48003DE9F8 /* BaseView.m in Sources */ = {isa = PBXBuildFile; fileRef = A776770F1FD54B48003DE9F8 /* BaseView.m */; };
		A7BCF7AD1FDA80930059BECB /* WeatherView.m in Sources */ = {isa = PBXBuildFile; fileRef = A7BCF7AC1FDA80930059BECB /* WeatherView.m */; };
		A7BD86E61FE90B3C00EBE193 /* FunctionalKeysView.m in Sources */ = {isa = PBXBuildFile; fileRef = A7BD86E51FE90B3C00EBE193 /* FunctionalKeysView.m */; };
		A7BD86E91FEE90E900EBE193 /* BaseTableViewCell.m in Sources */ = {isa = PBXBuildFile; fileRef = A7BD86E81FEE90E900EBE193 /* BaseTableViewCell.m */; };
		A7BD86EC1FEE922500EBE193 /* BaseTableViewController.m in Sources */ = {isa = PBXBuildFile; fileRef = A7BD86EB1FEE922500EBE193 /* BaseTableViewController.m */; };
		A7BD86EF1FEF8D2700EBE193 /* GuidesTableViewController.m in Sources */ = {isa = PBXBuildFile; fileRef = A7BD86EE1FEF8D2700EBE193 /* GuidesTableViewController.m */; };
		A7BD86F21FEF90B900EBE193 /* GuidesTableViewCell.m in Sources */ = {isa = PBXBuildFile; fileRef = A7BD86F11FEF90B900EBE193 /* GuidesTableViewCell.m */; };
		A7CDBE052052F19000182422 /* HmacSha1Tool.m in Sources */ = {isa = PBXBuildFile; fileRef = A7CDBE032052F19000182422 /* HmacSha1Tool.m */; };
		A7D982AE1FD0DE660046CDC6 /* AppDelegate.m in Sources */ = {isa = PBXBuildFile; fileRef = A7D982AD1FD0DE660046CDC6 /* AppDelegate.m */; };
		A7D982B11FD0DE660046CDC6 /* ViewController.m in Sources */ = {isa = PBXBuildFile; fileRef = A7D982B01FD0DE660046CDC6 /* ViewController.m */; };
		A7D982B41FD0DE660046CDC6 /* Main.storyboard in Resources */ = {isa = PBXBuildFile; fileRef = A7D982B21FD0DE660046CDC6 /* Main.storyboard */; };
		A7D982B61FD0DE660046CDC6 /* Assets.xcassets in Resources */ = {isa = PBXBuildFile; fileRef = A7D982B51FD0DE660046CDC6 /* Assets.xcassets */; };
		A7D982B91FD0DE660046CDC6 /* LaunchScreen.storyboard in Resources */ = {isa = PBXBuildFile; fileRef = A7D982B71FD0DE660046CDC6 /* LaunchScreen.storyboard */; };
		A7D982BC1FD0DE660046CDC6 /* main.m in Sources */ = {isa = PBXBuildFile; fileRef = A7D982BB1FD0DE660046CDC6 /* main.m */; };
		A7D982C61FD0DE670046CDC6 /* DaoYouTongTests.m in Sources */ = {isa = PBXBuildFile; fileRef = A7D982C51FD0DE670046CDC6 /* DaoYouTongTests.m */; };
		A7D982D11FD0DE670046CDC6 /* DaoYouTongUITests.m in Sources */ = {isa = PBXBuildFile; fileRef = A7D982D01FD0DE670046CDC6 /* DaoYouTongUITests.m */; };
/* End PBXBuildFile section */

/* Begin PBXContainerItemProxy section */
		A7D982C21FD0DE670046CDC6 /* PBXContainerItemProxy */ = {
			isa = PBXContainerItemProxy;
			containerPortal = A7D982A11FD0DE660046CDC6 /* Project object */;
			proxyType = 1;
			remoteGlobalIDString = A7D982A81FD0DE660046CDC6;
			remoteInfo = DaoYouTong;
		};
		A7D982CD1FD0DE670046CDC6 /* PBXContainerItemProxy */ = {
			isa = PBXContainerItemProxy;
			containerPortal = A7D982A11FD0DE660046CDC6 /* Project object */;
			proxyType = 1;
			remoteGlobalIDString = A7D982A81FD0DE660046CDC6;
			remoteInfo = DaoYouTong;
		};
/* End PBXContainerItemProxy section */

/* Begin PBXFileReference section */
		A71FC99B1FDBD7B500DEB4FD /* UIViewExt.h */ = {isa = PBXFileReference; fileEncoding = 4; lastKnownFileType = sourcecode.c.h; path = UIViewExt.h; sourceTree = "<group>"; };
		A71FC99C1FDBD7B500DEB4FD /* UIViewExt.m */ = {isa = PBXFileReference; fileEncoding = 4; lastKnownFileType = sourcecode.c.objc; path = UIViewExt.m; sourceTree = "<group>"; };
		A769C2C81FE103FD00816AD4 /* SearchView.h */ = {isa = PBXFileReference; lastKnownFileType = sourcecode.c.h; path = SearchView.h; sourceTree = "<group>"; };
		A769C2C91FE103FD00816AD4 /* SearchView.m */ = {isa = PBXFileReference; lastKnownFileType = sourcecode.c.objc; path = SearchView.m; sourceTree = "<group>"; };
		A769C2CC1FE7ACF000816AD4 /* camera02.png */ = {isa = PBXFileReference; lastKnownFileType = image.png; path = camera02.png; sourceTree = "<group>"; };
		A769C2CE1FE7ACF700816AD4 /* camera01.png */ = {isa = PBXFileReference; lastKnownFileType = image.png; path = camera01.png; sourceTree = "<group>"; };
		A77676BE1FD53C50003DE9F8 /* BaseViewController.m */ = {isa = PBXFileReference; fileEncoding = 4; lastKnownFileType = sourcecode.c.objc; path = BaseViewController.m; sourceTree = "<group>"; };
		A77676BF1FD53C50003DE9F8 /* BaseTabBarController.h */ = {isa = PBXFileReference; fileEncoding = 4; lastKnownFileType = sourcecode.c.h; path = BaseTabBarController.h; sourceTree = "<group>"; };
		A77676C01FD53C50003DE9F8 /* BaseTabBarController.m */ = {isa = PBXFileReference; fileEncoding = 4; lastKnownFileType = sourcecode.c.objc; path = BaseTabBarController.m; sourceTree = "<group>"; };
		A77676C11FD53C50003DE9F8 /* BaseViewController.h */ = {isa = PBXFileReference; fileEncoding = 4; lastKnownFileType = sourcecode.c.h; path = BaseViewController.h; sourceTree = "<group>"; };
		A77676C31FD53C50003DE9F8 /* NewsViewController.m */ = {isa = PBXFileReference; fileEncoding = 4; lastKnownFileType = sourcecode.c.objc; path = NewsViewController.m; sourceTree = "<group>"; };
		A77676C41FD53C50003DE9F8 /* HomeViewController.m */ = {isa = PBXFileReference; fileEncoding = 4; lastKnownFileType = sourcecode.c.objc; path = HomeViewController.m; sourceTree = "<group>"; };
		A77676C51FD53C50003DE9F8 /* DetailsViewController.h */ = {isa = PBXFileReference; fileEncoding = 4; lastKnownFileType = sourcecode.c.h; path = DetailsViewController.h; sourceTree = "<group>"; };
		A77676C61FD53C50003DE9F8 /* MyViewController.h */ = {isa = PBXFileReference; fileEncoding = 4; lastKnownFileType = sourcecode.c.h; path = MyViewController.h; sourceTree = "<group>"; };
		A77676C71FD53C50003DE9F8 /* NewsViewController.h */ = {isa = PBXFileReference; fileEncoding = 4; lastKnownFileType = sourcecode.c.h; path = NewsViewController.h; sourceTree = "<group>"; };
		A77676C81FD53C50003DE9F8 /* DetailsViewController.m */ = {isa = PBXFileReference; fileEncoding = 4; lastKnownFileType = sourcecode.c.objc; path = DetailsViewController.m; sourceTree = "<group>"; };
		A77676C91FD53C50003DE9F8 /* HomeViewController.h */ = {isa = PBXFileReference; fileEncoding = 4; lastKnownFileType = sourcecode.c.h; path = HomeViewController.h; sourceTree = "<group>"; };
		A77676CA1FD53C50003DE9F8 /* MyViewController.m */ = {isa = PBXFileReference; fileEncoding = 4; lastKnownFileType = sourcecode.c.objc; path = MyViewController.m; sourceTree = "<group>"; };
		A77676D41FD53C59003DE9F8 /* Home_check@2x.png */ = {isa = PBXFileReference; lastKnownFileType = image.png; path = "Home_check@2x.png"; sourceTree = "<group>"; };
		A77676D51FD53C59003DE9F8 /* news_check@2x.png */ = {isa = PBXFileReference; lastKnownFileType = image.png; path = "news_check@2x.png"; sourceTree = "<group>"; };
		A77676D61FD53C59003DE9F8 /* news_uncheck.png */ = {isa = PBXFileReference; lastKnownFileType = image.png; path = news_uncheck.png; sourceTree = "<group>"; };
		A77676D71FD53C59003DE9F8 /* My_uncheck@2x.png */ = {isa = PBXFileReference; lastKnownFileType = image.png; path = "My_uncheck@2x.png"; sourceTree = "<group>"; };
		A77676D81FD53C59003DE9F8 /* Home_uncheck@2x.png */ = {isa = PBXFileReference; lastKnownFileType = image.png; path = "Home_uncheck@2x.png"; sourceTree = "<group>"; };
		A77676D91FD53C59003DE9F8 /* news_check.png */ = {isa = PBXFileReference; lastKnownFileType = image.png; path = news_check.png; sourceTree = "<group>"; };
		A77676DA1FD53C59003DE9F8 /* Detail_check@2x.png */ = {isa = PBXFileReference; lastKnownFileType = image.png; path = "Detail_check@2x.png"; sourceTree = "<group>"; };
		A77676DB1FD53C59003DE9F8 /* Home_check.png */ = {isa = PBXFileReference; lastKnownFileType = image.png; path = Home_check.png; sourceTree = "<group>"; };
		A77676DC1FD53C59003DE9F8 /* news_uncheck@2x.png */ = {isa = PBXFileReference; lastKnownFileType = image.png; path = "news_uncheck@2x.png"; sourceTree = "<group>"; };
		A77676DD1FD53C59003DE9F8 /* My_check.png */ = {isa = PBXFileReference; lastKnownFileType = image.png; path = My_check.png; sourceTree = "<group>"; };
		A77676DE1FD53C59003DE9F8 /* My_uncheck.png */ = {isa = PBXFileReference; lastKnownFileType = image.png; path = My_uncheck.png; sourceTree = "<group>"; };
		A77676DF1FD53C59003DE9F8 /* Detail_uncheck@2x.png */ = {isa = PBXFileReference; lastKnownFileType = image.png; path = "Detail_uncheck@2x.png"; sourceTree = "<group>"; };
		A77676E01FD53C59003DE9F8 /* Detail_check.png */ = {isa = PBXFileReference; lastKnownFileType = image.png; path = Detail_check.png; sourceTree = "<group>"; };
		A77676E11FD53C59003DE9F8 /* Home_uncheck.png */ = {isa = PBXFileReference; lastKnownFileType = image.png; path = Home_uncheck.png; sourceTree = "<group>"; };
		A77676E21FD53C59003DE9F8 /* My_check@2x.png */ = {isa = PBXFileReference; lastKnownFileType = image.png; path = "My_check@2x.png"; sourceTree = "<group>"; };
		A77676E31FD53C59003DE9F8 /* Detail_uncheck.png */ = {isa = PBXFileReference; lastKnownFileType = image.png; path = Detail_uncheck.png; sourceTree = "<group>"; };
		A77676F51FD53C69003DE9F8 /* PrefixHeader.pch */ = {isa = PBXFileReference; fileEncoding = 4; lastKnownFileType = sourcecode.c.h; path = PrefixHeader.pch; sourceTree = "<group>"; };
		A77676F71FD53C69003DE9F8 /* UIColor+ColorChange.m */ = {isa = PBXFileReference; fileEncoding = 4; lastKnownFileType = sourcecode.c.objc; path = "UIColor+ColorChange.m"; sourceTree = "<group>"; };
		A77676F81FD53C69003DE9F8 /* UIColor+ColorChange.h */ = {isa = PBXFileReference; fileEncoding = 4; lastKnownFileType = sourcecode.c.h; path = "UIColor+ColorChange.h"; sourceTree = "<group>"; };
		A776770E1FD54B48003DE9F8 /* BaseView.h */ = {isa = PBXFileReference; lastKnownFileType = sourcecode.c.h; path = BaseView.h; sourceTree = "<group>"; };
		A776770F1FD54B48003DE9F8 /* BaseView.m */ = {isa = PBXFileReference; lastKnownFileType = sourcecode.c.objc; path = BaseView.m; sourceTree = "<group>"; };
		A7BCF7AB1FDA80930059BECB /* WeatherView.h */ = {isa = PBXFileReference; lastKnownFileType = sourcecode.c.h; path = WeatherView.h; sourceTree = "<group>"; };
		A7BCF7AC1FDA80930059BECB /* WeatherView.m */ = {isa = PBXFileReference; lastKnownFileType = sourcecode.c.objc; path = WeatherView.m; sourceTree = "<group>"; };
		A7BD86E41FE90B3C00EBE193 /* FunctionalKeysView.h */ = {isa = PBXFileReference; lastKnownFileType = sourcecode.c.h; path = FunctionalKeysView.h; sourceTree = "<group>"; };
		A7BD86E51FE90B3C00EBE193 /* FunctionalKeysView.m */ = {isa = PBXFileReference; lastKnownFileType = sourcecode.c.objc; path = FunctionalKeysView.m; sourceTree = "<group>"; };
		A7BD86E71FEE90E900EBE193 /* BaseTableViewCell.h */ = {isa = PBXFileReference; lastKnownFileType = sourcecode.c.h; path = BaseTableViewCell.h; sourceTree = "<group>"; };
		A7BD86E81FEE90E900EBE193 /* BaseTableViewCell.m */ = {isa = PBXFileReference; lastKnownFileType = sourcecode.c.objc; path = BaseTableViewCell.m; sourceTree = "<group>"; };
		A7BD86EA1FEE922500EBE193 /* BaseTableViewController.h */ = {isa = PBXFileReference; lastKnownFileType = sourcecode.c.h; path = BaseTableViewController.h; sourceTree = "<group>"; };
		A7BD86EB1FEE922500EBE193 /* BaseTableViewController.m */ = {isa = PBXFileReference; lastKnownFileType = sourcecode.c.objc; path = BaseTableViewController.m; sourceTree = "<group>"; };
		A7BD86ED1FEF8D2700EBE193 /* GuidesTableViewController.h */ = {isa = PBXFileReference; lastKnownFileType = sourcecode.c.h; path = GuidesTableViewController.h; sourceTree = "<group>"; };
		A7BD86EE1FEF8D2700EBE193 /* GuidesTableViewController.m */ = {isa = PBXFileReference; lastKnownFileType = sourcecode.c.objc; path = GuidesTableViewController.m; sourceTree = "<group>"; };
		A7BD86F01FEF90B900EBE193 /* GuidesTableViewCell.h */ = {isa = PBXFileReference; lastKnownFileType = sourcecode.c.h; path = GuidesTableViewCell.h; sourceTree = "<group>"; };
		A7BD86F11FEF90B900EBE193 /* GuidesTableViewCell.m */ = {isa = PBXFileReference; lastKnownFileType = sourcecode.c.objc; path = GuidesTableViewCell.m; sourceTree = "<group>"; };
		A7CDBE032052F19000182422 /* HmacSha1Tool.m */ = {isa = PBXFileReference; fileEncoding = 4; lastKnownFileType = sourcecode.c.objc; path = HmacSha1Tool.m; sourceTree = "<group>"; };
		A7CDBE042052F19000182422 /* HmacSha1Tool.h */ = {isa = PBXFileReference; fileEncoding = 4; lastKnownFileType = sourcecode.c.h; path = HmacSha1Tool.h; sourceTree = "<group>"; };
		A7D982A91FD0DE660046CDC6 /* DaoYouTong.app */ = {isa = PBXFileReference; explicitFileType = wrapper.application; includeInIndex = 0; path = DaoYouTong.app; sourceTree = BUILT_PRODUCTS_DIR; };
		A7D982AC1FD0DE660046CDC6 /* AppDelegate.h */ = {isa = PBXFileReference; lastKnownFileType = sourcecode.c.h; path = AppDelegate.h; sourceTree = "<group>"; };
		A7D982AD1FD0DE660046CDC6 /* AppDelegate.m */ = {isa = PBXFileReference; lastKnownFileType = sourcecode.c.objc; path = AppDelegate.m; sourceTree = "<group>"; };
		A7D982AF1FD0DE660046CDC6 /* ViewController.h */ = {isa = PBXFileReference; lastKnownFileType = sourcecode.c.h; path = ViewController.h; sourceTree = "<group>"; };
		A7D982B01FD0DE660046CDC6 /* ViewController.m */ = {isa = PBXFileReference; lastKnownFileType = sourcecode.c.objc; path = ViewController.m; sourceTree = "<group>"; };
		A7D982B31FD0DE660046CDC6 /* Base */ = {isa = PBXFileReference; lastKnownFileType = file.storyboard; name = Base; path = Base.lproj/Main.storyboard; sourceTree = "<group>"; };
		A7D982B51FD0DE660046CDC6 /* Assets.xcassets */ = {isa = PBXFileReference; lastKnownFileType = folder.assetcatalog; path = Assets.xcassets; sourceTree = "<group>"; };
		A7D982B81FD0DE660046CDC6 /* Base */ = {isa = PBXFileReference; lastKnownFileType = file.storyboard; name = Base; path = Base.lproj/LaunchScreen.storyboard; sourceTree = "<group>"; };
		A7D982BA1FD0DE660046CDC6 /* Info.plist */ = {isa = PBXFileReference; lastKnownFileType = text.plist.xml; path = Info.plist; sourceTree = "<group>"; };
		A7D982BB1FD0DE660046CDC6 /* main.m */ = {isa = PBXFileReference; lastKnownFileType = sourcecode.c.objc; path = main.m; sourceTree = "<group>"; };
		A7D982C11FD0DE670046CDC6 /* DaoYouTongTests.xctest */ = {isa = PBXFileReference; explicitFileType = wrapper.cfbundle; includeInIndex = 0; path = DaoYouTongTests.xctest; sourceTree = BUILT_PRODUCTS_DIR; };
		A7D982C51FD0DE670046CDC6 /* DaoYouTongTests.m */ = {isa = PBXFileReference; lastKnownFileType = sourcecode.c.objc; path = DaoYouTongTests.m; sourceTree = "<group>"; };
		A7D982C71FD0DE670046CDC6 /* Info.plist */ = {isa = PBXFileReference; lastKnownFileType = text.plist.xml; path = Info.plist; sourceTree = "<group>"; };
		A7D982CC1FD0DE670046CDC6 /* DaoYouTongUITests.xctest */ = {isa = PBXFileReference; explicitFileType = wrapper.cfbundle; includeInIndex = 0; path = DaoYouTongUITests.xctest; sourceTree = BUILT_PRODUCTS_DIR; };
		A7D982D01FD0DE670046CDC6 /* DaoYouTongUITests.m */ = {isa = PBXFileReference; lastKnownFileType = sourcecode.c.objc; path = DaoYouTongUITests.m; sourceTree = "<group>"; };
		A7D982D21FD0DE670046CDC6 /* Info.plist */ = {isa = PBXFileReference; lastKnownFileType = text.plist.xml; path = Info.plist; sourceTree = "<group>"; };
/* End PBXFileReference section */

/* Begin PBXFrameworksBuildPhase section */
		A7D982A61FD0DE660046CDC6 /* Frameworks */ = {
			isa = PBXFrameworksBuildPhase;
			buildActionMask = 2147483647;
			files = (
			);
			runOnlyForDeploymentPostprocessing = 0;
		};
		A7D982BE1FD0DE670046CDC6 /* Frameworks */ = {
			isa = PBXFrameworksBuildPhase;
			buildActionMask = 2147483647;
			files = (
			);
			runOnlyForDeploymentPostprocessing = 0;
		};
		A7D982C91FD0DE670046CDC6 /* Frameworks */ = {
			isa = PBXFrameworksBuildPhase;
			buildActionMask = 2147483647;
			files = (
			);
			runOnlyForDeploymentPostprocessing = 0;
		};
/* End PBXFrameworksBuildPhase section */

/* Begin PBXGroup section */
		A71FC99A1FDBD78F00DEB4FD /* ViewExt */ = {
			isa = PBXGroup;
			children = (
				A71FC99B1FDBD7B500DEB4FD /* UIViewExt.h */,
				A71FC99C1FDBD7B500DEB4FD /* UIViewExt.m */,
			);
			path = ViewExt;
			sourceTree = "<group>";
		};
		A769C2C71FE1018F00816AD4 /* SearchView */ = {
			isa = PBXGroup;
			children = (
				A769C2C81FE103FD00816AD4 /* SearchView.h */,
				A769C2C91FE103FD00816AD4 /* SearchView.m */,
			);
			path = SearchView;
			sourceTree = "<group>";
		};
		A769C2CB1FE7ABF800816AD4 /* OtherImage */ = {
			isa = PBXGroup;
			children = (
				A769C2CE1FE7ACF700816AD4 /* camera01.png */,
				A769C2CC1FE7ACF000816AD4 /* camera02.png */,
			);
			path = OtherImage;
			sourceTree = "<group>";
		};
		A77676B41FD53C14003DE9F8 /* View */ = {
			isa = PBXGroup;
			children = (
				A77676FC1FD541F7003DE9F8 /* BaseView */,
				A77676FB1FD541EB003DE9F8 /* ClassView */,
			);
			path = View;
			sourceTree = "<group>";
		};
		A77676B81FD53C42003DE9F8 /* Model */ = {
			isa = PBXGroup;
			children = (
				A77676FE1FD54220003DE9F8 /* ClassModel */,
				A77676FD1FD54210003DE9F8 /* BaseModel */,
			);
			path = Model;
			sourceTree = "<group>";
		};
		A77676BC1FD53C50003DE9F8 /* Controller */ = {
			isa = PBXGroup;
			children = (
				A77676BD1FD53C50003DE9F8 /* BaseController */,
				A77676C21FD53C50003DE9F8 /* ClassController */,
			);
			path = Controller;
			sourceTree = "<group>";
		};
		A77676BD1FD53C50003DE9F8 /* BaseController */ = {
			isa = PBXGroup;
			children = (
				A77676C11FD53C50003DE9F8 /* BaseViewController.h */,
				A77676BE1FD53C50003DE9F8 /* BaseViewController.m */,
				A77676BF1FD53C50003DE9F8 /* BaseTabBarController.h */,
				A77676C01FD53C50003DE9F8 /* BaseTabBarController.m */,
				A7BD86EA1FEE922500EBE193 /* BaseTableViewController.h */,
				A7BD86EB1FEE922500EBE193 /* BaseTableViewController.m */,
			);
			path = BaseController;
			sourceTree = "<group>";
		};
		A77676C21FD53C50003DE9F8 /* ClassController */ = {
			isa = PBXGroup;
			children = (
				A77677111FD66AD3003DE9F8 /* HomeController */,
				A77677121FD66AEE003DE9F8 /* NewsController */,
				A77677131FD66B03003DE9F8 /* DetailsController */,
				A77677141FD66B2A003DE9F8 /* MineController */,
			);
			path = ClassController;
			sourceTree = "<group>";
		};
		A77676D11FD53C59003DE9F8 /* Sourse */ = {
			isa = PBXGroup;
			children = (
				A77676D21FD53C59003DE9F8 /* Image */,
			);
			path = Sourse;
			sourceTree = "<group>";
		};
		A77676D21FD53C59003DE9F8 /* Image */ = {
			isa = PBXGroup;
			children = (
				A769C2CB1FE7ABF800816AD4 /* OtherImage */,
				A77676FA1FD54068003DE9F8 /* Weather */,
				A77676D31FD53C59003DE9F8 /* TabBar */,
			);
			path = Image;
			sourceTree = "<group>";
		};
		A77676D31FD53C59003DE9F8 /* TabBar */ = {
			isa = PBXGroup;
			children = (
				A77676D41FD53C59003DE9F8 /* Home_check@2x.png */,
				A77676D51FD53C59003DE9F8 /* news_check@2x.png */,
				A77676D61FD53C59003DE9F8 /* news_uncheck.png */,
				A77676D71FD53C59003DE9F8 /* My_uncheck@2x.png */,
				A77676D81FD53C59003DE9F8 /* Home_uncheck@2x.png */,
				A77676D91FD53C59003DE9F8 /* news_check.png */,
				A77676DA1FD53C59003DE9F8 /* Detail_check@2x.png */,
				A77676DB1FD53C59003DE9F8 /* Home_check.png */,
				A77676DC1FD53C59003DE9F8 /* news_uncheck@2x.png */,
				A77676DD1FD53C59003DE9F8 /* My_check.png */,
				A77676DE1FD53C59003DE9F8 /* My_uncheck.png */,
				A77676DF1FD53C59003DE9F8 /* Detail_uncheck@2x.png */,
				A77676E01FD53C59003DE9F8 /* Detail_check.png */,
				A77676E11FD53C59003DE9F8 /* Home_uncheck.png */,
				A77676E21FD53C59003DE9F8 /* My_check@2x.png */,
				A77676E31FD53C59003DE9F8 /* Detail_uncheck.png */,
			);
			path = TabBar;
			sourceTree = "<group>";
		};
		A77676F41FD53C69003DE9F8 /* Other */ = {
			isa = PBXGroup;
			children = (
				A77676F51FD53C69003DE9F8 /* PrefixHeader.pch */,
				A71FC99A1FDBD78F00DEB4FD /* ViewExt */,
				A77676F61FD53C69003DE9F8 /* ThirdFrameWorkFile */,
			);
			path = Other;
			sourceTree = "<group>";
		};
		A77676F61FD53C69003DE9F8 /* ThirdFrameWorkFile */ = {
			isa = PBXGroup;
			children = (
				A7CDBE062052F19500182422 /* XinZhiWeather */,
				A77676F71FD53C69003DE9F8 /* UIColor+ColorChange.m */,
				A77676F81FD53C69003DE9F8 /* UIColor+ColorChange.h */,
			);
			path = ThirdFrameWorkFile;
			sourceTree = "<group>";
		};
		A77676FA1FD54068003DE9F8 /* Weather */ = {
			isa = PBXGroup;
			children = (
			);
			path = Weather;
			sourceTree = "<group>";
		};
		A77676FB1FD541EB003DE9F8 /* ClassView */ = {
			isa = PBXGroup;
			children = (
				A77677001FD54311003DE9F8 /* HomeView */,
				A77677011FD54329003DE9F8 /* NewsView */,
				A77677031FD54342003DE9F8 /* DeatilView */,
				A77677041FD54353003DE9F8 /* MineView */,
			);
			path = ClassView;
			sourceTree = "<group>";
		};
		A77676FC1FD541F7003DE9F8 /* BaseView */ = {
			isa = PBXGroup;
			children = (
				A776770E1FD54B48003DE9F8 /* BaseView.h */,
				A776770F1FD54B48003DE9F8 /* BaseView.m */,
				A7BD86E71FEE90E900EBE193 /* BaseTableViewCell.h */,
				A7BD86E81FEE90E900EBE193 /* BaseTableViewCell.m */,
			);
			path = BaseView;
			sourceTree = "<group>";
		};
		A77676FD1FD54210003DE9F8 /* BaseModel */ = {
			isa = PBXGroup;
			children = (
			);
			path = BaseModel;
			sourceTree = "<group>";
		};
		A77676FE1FD54220003DE9F8 /* ClassModel */ = {
			isa = PBXGroup;
			children = (
			);
			path = ClassModel;
			sourceTree = "<group>";
		};
		A77677001FD54311003DE9F8 /* HomeView */ = {
			isa = PBXGroup;
			children = (
				A7BCF7A41FD979090059BECB /* WeatherView */,
				A769C2C71FE1018F00816AD4 /* SearchView */,
				A7BCF7A61FD9792B0059BECB /* FunctionalKeysView */,
				A7BCF7A71FDA80090059BECB /* GuidesView */,
			);
			path = HomeView;
			sourceTree = "<group>";
		};
		A77677011FD54329003DE9F8 /* NewsView */ = {
			isa = PBXGroup;
			children = (
			);
			path = NewsView;
			sourceTree = "<group>";
		};
		A77677031FD54342003DE9F8 /* DeatilView */ = {
			isa = PBXGroup;
			children = (
			);
			path = DeatilView;
			sourceTree = "<group>";
		};
		A77677041FD54353003DE9F8 /* MineView */ = {
			isa = PBXGroup;
			children = (
			);
			path = MineView;
			sourceTree = "<group>";
		};
		A77677111FD66AD3003DE9F8 /* HomeController */ = {
			isa = PBXGroup;
			children = (
				A77676C91FD53C50003DE9F8 /* HomeViewController.h */,
				A77676C41FD53C50003DE9F8 /* HomeViewController.m */,
				A7BD86ED1FEF8D2700EBE193 /* GuidesTableViewController.h */,
				A7BD86EE1FEF8D2700EBE193 /* GuidesTableViewController.m */,
			);
			path = HomeController;
			sourceTree = "<group>";
		};
		A77677121FD66AEE003DE9F8 /* NewsController */ = {
			isa = PBXGroup;
			children = (
				A77676C71FD53C50003DE9F8 /* NewsViewController.h */,
				A77676C31FD53C50003DE9F8 /* NewsViewController.m */,
			);
			path = NewsController;
			sourceTree = "<group>";
		};
		A77677131FD66B03003DE9F8 /* DetailsController */ = {
			isa = PBXGroup;
			children = (
				A77676C51FD53C50003DE9F8 /* DetailsViewController.h */,
				A77676C81FD53C50003DE9F8 /* DetailsViewController.m */,
			);
			path = DetailsController;
			sourceTree = "<group>";
		};
		A77677141FD66B2A003DE9F8 /* MineController */ = {
			isa = PBXGroup;
			children = (
				A77676C61FD53C50003DE9F8 /* MyViewController.h */,
				A77676CA1FD53C50003DE9F8 /* MyViewController.m */,
			);
			path = MineController;
			sourceTree = "<group>";
		};
		A7BCF7A41FD979090059BECB /* WeatherView */ = {
			isa = PBXGroup;
			children = (
				A7BCF7AB1FDA80930059BECB /* WeatherView.h */,
				A7BCF7AC1FDA80930059BECB /* WeatherView.m */,
			);
			path = WeatherView;
			sourceTree = "<group>";
		};
		A7BCF7A61FD9792B0059BECB /* FunctionalKeysView */ = {
			isa = PBXGroup;
			children = (
				A7BD86E41FE90B3C00EBE193 /* FunctionalKeysView.h */,
				A7BD86E51FE90B3C00EBE193 /* FunctionalKeysView.m */,
			);
			path = FunctionalKeysView;
			sourceTree = "<group>";
		};
		A7BCF7A71FDA80090059BECB /* GuidesView */ = {
			isa = PBXGroup;
			children = (
				A7BD86F01FEF90B900EBE193 /* GuidesTableViewCell.h */,
				A7BD86F11FEF90B900EBE193 /* GuidesTableViewCell.m */,
			);
			path = GuidesView;
			sourceTree = "<group>";
		};
		A7CDBE062052F19500182422 /* XinZhiWeather */ = {
			isa = PBXGroup;
			children = (
				A7CDBE042052F19000182422 /* HmacSha1Tool.h */,
				A7CDBE032052F19000182422 /* HmacSha1Tool.m */,
			);
			path = XinZhiWeather;
			sourceTree = "<group>";
		};
		A7D982A01FD0DE660046CDC6 = {
			isa = PBXGroup;
			children = (
				A7D982AB1FD0DE660046CDC6 /* DaoYouTong */,
				A7D982C41FD0DE670046CDC6 /* DaoYouTongTests */,
				A7D982CF1FD0DE670046CDC6 /* DaoYouTongUITests */,
				A7D982AA1FD0DE660046CDC6 /* Products */,
			);
			sourceTree = "<group>";
		};
		A7D982AA1FD0DE660046CDC6 /* Products */ = {
			isa = PBXGroup;
			children = (
				A7D982A91FD0DE660046CDC6 /* DaoYouTong.app */,
				A7D982C11FD0DE670046CDC6 /* DaoYouTongTests.xctest */,
				A7D982CC1FD0DE670046CDC6 /* DaoYouTongUITests.xctest */,
			);
			name = Products;
			sourceTree = "<group>";
		};
		A7D982AB1FD0DE660046CDC6 /* DaoYouTong */ = {
			isa = PBXGroup;
			children = (
				A77676F41FD53C69003DE9F8 /* Other */,
				A77676D11FD53C59003DE9F8 /* Sourse */,
				A77676B81FD53C42003DE9F8 /* Model */,
				A77676B41FD53C14003DE9F8 /* View */,
				A77676BC1FD53C50003DE9F8 /* Controller */,
				A7D982AC1FD0DE660046CDC6 /* AppDelegate.h */,
				A7D982AD1FD0DE660046CDC6 /* AppDelegate.m */,
				A7D982AF1FD0DE660046CDC6 /* ViewController.h */,
				A7D982B01FD0DE660046CDC6 /* ViewController.m */,
				A7D982B21FD0DE660046CDC6 /* Main.storyboard */,
				A7D982B51FD0DE660046CDC6 /* Assets.xcassets */,
				A7D982B71FD0DE660046CDC6 /* LaunchScreen.storyboard */,
				A7D982BA1FD0DE660046CDC6 /* Info.plist */,
				A7D982BB1FD0DE660046CDC6 /* main.m */,
			);
			path = DaoYouTong;
			sourceTree = "<group>";
		};
		A7D982C41FD0DE670046CDC6 /* DaoYouTongTests */ = {
			isa = PBXGroup;
			children = (
				A7D982C51FD0DE670046CDC6 /* DaoYouTongTests.m */,
				A7D982C71FD0DE670046CDC6 /* Info.plist */,
			);
			path = DaoYouTongTests;
			sourceTree = "<group>";
		};
		A7D982CF1FD0DE670046CDC6 /* DaoYouTongUITests */ = {
			isa = PBXGroup;
			children = (
				A7D982D01FD0DE670046CDC6 /* DaoYouTongUITests.m */,
				A7D982D21FD0DE670046CDC6 /* Info.plist */,
			);
			path = DaoYouTongUITests;
			sourceTree = "<group>";
		};
/* End PBXGroup section */

/* Begin PBXNativeTarget section */
		A7D982A81FD0DE660046CDC6 /* DaoYouTong */ = {
			isa = PBXNativeTarget;
			buildConfigurationList = A7D982D51FD0DE670046CDC6 /* Build configuration list for PBXNativeTarget "DaoYouTong" */;
			buildPhases = (
				A7D982A51FD0DE660046CDC6 /* Sources */,
				A7D982A61FD0DE660046CDC6 /* Frameworks */,
				A7D982A71FD0DE660046CDC6 /* Resources */,
			);
			buildRules = (
			);
			dependencies = (
			);
			name = DaoYouTong;
			productName = DaoYouTong;
			productReference = A7D982A91FD0DE660046CDC6 /* DaoYouTong.app */;
			productType = "com.apple.product-type.application";
		};
		A7D982C01FD0DE670046CDC6 /* DaoYouTongTests */ = {
			isa = PBXNativeTarget;
			buildConfigurationList = A7D982D81FD0DE670046CDC6 /* Build configuration list for PBXNativeTarget "DaoYouTongTests" */;
			buildPhases = (
				A7D982BD1FD0DE670046CDC6 /* Sources */,
				A7D982BE1FD0DE670046CDC6 /* Frameworks */,
				A7D982BF1FD0DE670046CDC6 /* Resources */,
			);
			buildRules = (
			);
			dependencies = (
				A7D982C31FD0DE670046CDC6 /* PBXTargetDependency */,
			);
			name = DaoYouTongTests;
			productName = DaoYouTongTests;
			productReference = A7D982C11FD0DE670046CDC6 /* DaoYouTongTests.xctest */;
			productType = "com.apple.product-type.bundle.unit-test";
		};
		A7D982CB1FD0DE670046CDC6 /* DaoYouTongUITests */ = {
			isa = PBXNativeTarget;
			buildConfigurationList = A7D982DB1FD0DE670046CDC6 /* Build configuration list for PBXNativeTarget "DaoYouTongUITests" */;
			buildPhases = (
				A7D982C81FD0DE670046CDC6 /* Sources */,
				A7D982C91FD0DE670046CDC6 /* Frameworks */,
				A7D982CA1FD0DE670046CDC6 /* Resources */,
			);
			buildRules = (
			);
			dependencies = (
				A7D982CE1FD0DE670046CDC6 /* PBXTargetDependency */,
			);
			name = DaoYouTongUITests;
			productName = DaoYouTongUITests;
			productReference = A7D982CC1FD0DE670046CDC6 /* DaoYouTongUITests.xctest */;
			productType = "com.apple.product-type.bundle.ui-testing";
		};
/* End PBXNativeTarget section */

/* Begin PBXProject section */
		A7D982A11FD0DE660046CDC6 /* Project object */ = {
			isa = PBXProject;
			attributes = {
				LastUpgradeCheck = 0910;
				ORGANIZATIONNAME = "魏帅";
				TargetAttributes = {
					A7D982A81FD0DE660046CDC6 = {
						CreatedOnToolsVersion = 9.1;
						ProvisioningStyle = Automatic;
					};
					A7D982C01FD0DE670046CDC6 = {
						CreatedOnToolsVersion = 9.1;
						ProvisioningStyle = Automatic;
						TestTargetID = A7D982A81FD0DE660046CDC6;
					};
					A7D982CB1FD0DE670046CDC6 = {
						CreatedOnToolsVersion = 9.1;
						ProvisioningStyle = Automatic;
						TestTargetID = A7D982A81FD0DE660046CDC6;
					};
				};
			};
			buildConfigurationList = A7D982A41FD0DE660046CDC6 /* Build configuration list for PBXProject "DaoYouTong" */;
			compatibilityVersion = "Xcode 8.0";
			developmentRegion = en;
			hasScannedForEncodings = 0;
			knownRegions = (
				en,
				Base,
			);
			mainGroup = A7D982A01FD0DE660046CDC6;
			productRefGroup = A7D982AA1FD0DE660046CDC6 /* Products */;
			projectDirPath = "";
			projectRoot = "";
			targets = (
				A7D982A81FD0DE660046CDC6 /* DaoYouTong */,
				A7D982C01FD0DE670046CDC6 /* DaoYouTongTests */,
				A7D982CB1FD0DE670046CDC6 /* DaoYouTongUITests */,
			);
		};
/* End PBXProject section */

/* Begin PBXResourcesBuildPhase section */
		A7D982A71FD0DE660046CDC6 /* Resources */ = {
			isa = PBXResourcesBuildPhase;
			buildActionMask = 2147483647;
			files = (
				A77676EA1FD53C59003DE9F8 /* Detail_check@2x.png in Resources */,
				A77676EE1FD53C59003DE9F8 /* My_uncheck.png in Resources */,
				A77676EC1FD53C59003DE9F8 /* news_uncheck@2x.png in Resources */,
				A77676F21FD53C5A003DE9F8 /* My_check@2x.png in Resources */,
				A77676F01FD53C59003DE9F8 /* Detail_check.png in Resources */,
				A77676E61FD53C59003DE9F8 /* news_uncheck.png in Resources */,
				A769C2CD1FE7ACF000816AD4 /* camera02.png in Resources */,
				A77676F11FD53C59003DE9F8 /* Home_uncheck.png in Resources */,
				A77676E81FD53C59003DE9F8 /* Home_uncheck@2x.png in Resources */,
				A77676F31FD53C5A003DE9F8 /* Detail_uncheck.png in Resources */,
				A769C2CF1FE7ACF700816AD4 /* camera01.png in Resources */,
				A77676E51FD53C59003DE9F8 /* news_check@2x.png in Resources */,
				A77676E41FD53C59003DE9F8 /* Home_check@2x.png in Resources */,
				A77676E91FD53C59003DE9F8 /* news_check.png in Resources */,
				A7D982B91FD0DE660046CDC6 /* LaunchScreen.storyboard in Resources */,
				A77676EB1FD53C59003DE9F8 /* Home_check.png in Resources */,
				A7D982B61FD0DE660046CDC6 /* Assets.xcassets in Resources */,
				A77676ED1FD53C59003DE9F8 /* My_check.png in Resources */,
				A7D982B41FD0DE660046CDC6 /* Main.storyboard in Resources */,
				A77676E71FD53C59003DE9F8 /* My_uncheck@2x.png in Resources */,
				A77676EF1FD53C59003DE9F8 /* Detail_uncheck@2x.png in Resources */,
			);
			runOnlyForDeploymentPostprocessing = 0;
		};
		A7D982BF1FD0DE670046CDC6 /* Resources */ = {
			isa = PBXResourcesBuildPhase;
			buildActionMask = 2147483647;
			files = (
			);
			runOnlyForDeploymentPostprocessing = 0;
		};
		A7D982CA1FD0DE670046CDC6 /* Resources */ = {
			isa = PBXResourcesBuildPhase;
			buildActionMask = 2147483647;
			files = (
			);
			runOnlyForDeploymentPostprocessing = 0;
		};
/* End PBXResourcesBuildPhase section */

/* Begin PBXSourcesBuildPhase section */
		A7D982A51FD0DE660046CDC6 /* Sources */ = {
			isa = PBXSourcesBuildPhase;
			buildActionMask = 2147483647;
			files = (
				A71FC99D1FDBD7B500DEB4FD /* UIViewExt.m in Sources */,
				A7CDBE052052F19000182422 /* HmacSha1Tool.m in Sources */,
				A77676D01FD53C50003DE9F8 /* MyViewController.m in Sources */,
				A7BD86F21FEF90B900EBE193 /* GuidesTableViewCell.m in Sources */,
				A7D982B11FD0DE660046CDC6 /* ViewController.m in Sources */,
				A769C2CA1FE103FD00816AD4 /* SearchView.m in Sources */,
				A7BD86E91FEE90E900EBE193 /* BaseTableViewCell.m in Sources */,
				A77676CF1FD53C50003DE9F8 /* DetailsViewController.m in Sources */,
				A7BCF7AD1FDA80930059BECB /* WeatherView.m in Sources */,
				A77676CC1FD53C50003DE9F8 /* BaseTabBarController.m in Sources */,
				A77676CB1FD53C50003DE9F8 /* BaseViewController.m in Sources */,
				A77676CD1FD53C50003DE9F8 /* NewsViewController.m in Sources */,
				A7BD86EC1FEE922500EBE193 /* BaseTableViewController.m in Sources */,
				A7BD86E61FE90B3C00EBE193 /* FunctionalKeysView.m in Sources */,
				A7D982BC1FD0DE660046CDC6 /* main.m in Sources */,
				A77676CE1FD53C50003DE9F8 /* HomeViewController.m in Sources */,
				A7BD86EF1FEF8D2700EBE193 /* GuidesTableViewController.m in Sources */,
				A7D982AE1FD0DE660046CDC6 /* AppDelegate.m in Sources */,
				A77676F91FD53C69003DE9F8 /* UIColor+ColorChange.m in Sources */,
				A77677101FD54B48003DE9F8 /* BaseView.m in Sources */,
			);
			runOnlyForDeploymentPostprocessing = 0;
		};
		A7D982BD1FD0DE670046CDC6 /* Sources */ = {
			isa = PBXSourcesBuildPhase;
			buildActionMask = 2147483647;
			files = (
				A7D982C61FD0DE670046CDC6 /* DaoYouTongTests.m in Sources */,
			);
			runOnlyForDeploymentPostprocessing = 0;
		};
		A7D982C81FD0DE670046CDC6 /* Sources */ = {
			isa = PBXSourcesBuildPhase;
			buildActionMask = 2147483647;
			files = (
				A7D982D11FD0DE670046CDC6 /* DaoYouTongUITests.m in Sources */,
			);
			runOnlyForDeploymentPostprocessing = 0;
		};
/* End PBXSourcesBuildPhase section */

/* Begin PBXTargetDependency section */
		A7D982C31FD0DE670046CDC6 /* PBXTargetDependency */ = {
			isa = PBXTargetDependency;
			target = A7D982A81FD0DE660046CDC6 /* DaoYouTong */;
			targetProxy = A7D982C21FD0DE670046CDC6 /* PBXContainerItemProxy */;
		};
		A7D982CE1FD0DE670046CDC6 /* PBXTargetDependency */ = {
			isa = PBXTargetDependency;
			target = A7D982A81FD0DE660046CDC6 /* DaoYouTong */;
			targetProxy = A7D982CD1FD0DE670046CDC6 /* PBXContainerItemProxy */;
		};
/* End PBXTargetDependency section */

/* Begin PBXVariantGroup section */
		A7D982B21FD0DE660046CDC6 /* Main.storyboard */ = {
			isa = PBXVariantGroup;
			children = (
				A7D982B31FD0DE660046CDC6 /* Base */,
			);
			name = Main.storyboard;
			sourceTree = "<group>";
		};
		A7D982B71FD0DE660046CDC6 /* LaunchScreen.storyboard */ = {
			isa = PBXVariantGroup;
			children = (
				A7D982B81FD0DE660046CDC6 /* Base */,
			);
			name = LaunchScreen.storyboard;
			sourceTree = "<group>";
		};
/* End PBXVariantGroup section */

/* Begin XCBuildConfiguration section */
		A7D982D31FD0DE670046CDC6 /* Debug */ = {
			isa = XCBuildConfiguration;
			buildSettings = {
				ALWAYS_SEARCH_USER_PATHS = NO;
				CLANG_ANALYZER_NONNULL = YES;
				CLANG_ANALYZER_NUMBER_OBJECT_CONVERSION = YES_AGGRESSIVE;
				CLANG_CXX_LANGUAGE_STANDARD = "gnu++14";
				CLANG_CXX_LIBRARY = "libc++";
				CLANG_ENABLE_MODULES = YES;
				CLANG_ENABLE_OBJC_ARC = YES;
				CLANG_WARN_BLOCK_CAPTURE_AUTORELEASING = YES;
				CLANG_WARN_BOOL_CONVERSION = YES;
				CLANG_WARN_COMMA = YES;
				CLANG_WARN_CONSTANT_CONVERSION = YES;
				CLANG_WARN_DIRECT_OBJC_ISA_USAGE = YES_ERROR;
				CLANG_WARN_DOCUMENTATION_COMMENTS = YES;
				CLANG_WARN_EMPTY_BODY = YES;
				CLANG_WARN_ENUM_CONVERSION = YES;
				CLANG_WARN_INFINITE_RECURSION = YES;
				CLANG_WARN_INT_CONVERSION = YES;
				CLANG_WARN_NON_LITERAL_NULL_CONVERSION = YES;
				CLANG_WARN_OBJC_LITERAL_CONVERSION = YES;
				CLANG_WARN_OBJC_ROOT_CLASS = YES_ERROR;
				CLANG_WARN_RANGE_LOOP_ANALYSIS = YES;
				CLANG_WARN_STRICT_PROTOTYPES = YES;
				CLANG_WARN_SUSPICIOUS_MOVE = YES;
				CLANG_WARN_UNGUARDED_AVAILABILITY = YES_AGGRESSIVE;
				CLANG_WARN_UNREACHABLE_CODE = YES;
				CLANG_WARN__DUPLICATE_METHOD_MATCH = YES;
				CODE_SIGN_IDENTITY = "iPhone Distribution";
				COPY_PHASE_STRIP = NO;
				DEBUG_INFORMATION_FORMAT = dwarf;
				ENABLE_STRICT_OBJC_MSGSEND = YES;
				ENABLE_TESTABILITY = YES;
				GCC_C_LANGUAGE_STANDARD = gnu11;
				GCC_DYNAMIC_NO_PIC = NO;
				GCC_NO_COMMON_BLOCKS = YES;
				GCC_OPTIMIZATION_LEVEL = 0;
				GCC_PREPROCESSOR_DEFINITIONS = (
					"DEBUG=1",
					"$(inherited)",
				);
				GCC_WARN_64_TO_32_BIT_CONVERSION = YES;
				GCC_WARN_ABOUT_RETURN_TYPE = YES_ERROR;
				GCC_WARN_UNDECLARED_SELECTOR = YES;
				GCC_WARN_UNINITIALIZED_AUTOS = YES_AGGRESSIVE;
				GCC_WARN_UNUSED_FUNCTION = YES;
				GCC_WARN_UNUSED_VARIABLE = YES;
				IPHONEOS_DEPLOYMENT_TARGET = 11.1;
				MTL_ENABLE_DEBUG_INFO = YES;
				ONLY_ACTIVE_ARCH = YES;
				SDKROOT = iphoneos;
			};
			name = Debug;
		};
		A7D982D41FD0DE670046CDC6 /* Release */ = {
			isa = XCBuildConfiguration;
			buildSettings = {
				ALWAYS_SEARCH_USER_PATHS = NO;
				CLANG_ANALYZER_NONNULL = YES;
				CLANG_ANALYZER_NUMBER_OBJECT_CONVERSION = YES_AGGRESSIVE;
				CLANG_CXX_LANGUAGE_STANDARD = "gnu++14";
				CLANG_CXX_LIBRARY = "libc++";
				CLANG_ENABLE_MODULES = YES;
				CLANG_ENABLE_OBJC_ARC = YES;
				CLANG_WARN_BLOCK_CAPTURE_AUTORELEASING = YES;
				CLANG_WARN_BOOL_CONVERSION = YES;
				CLANG_WARN_COMMA = YES;
				CLANG_WARN_CONSTANT_CONVERSION = YES;
				CLANG_WARN_DIRECT_OBJC_ISA_USAGE = YES_ERROR;
				CLANG_WARN_DOCUMENTATION_COMMENTS = YES;
				CLANG_WARN_EMPTY_BODY = YES;
				CLANG_WARN_ENUM_CONVERSION = YES;
				CLANG_WARN_INFINITE_RECURSION = YES;
				CLANG_WARN_INT_CONVERSION = YES;
				CLANG_WARN_NON_LITERAL_NULL_CONVERSION = YES;
				CLANG_WARN_OBJC_LITERAL_CONVERSION = YES;
				CLANG_WARN_OBJC_ROOT_CLASS = YES_ERROR;
				CLANG_WARN_RANGE_LOOP_ANALYSIS = YES;
				CLANG_WARN_STRICT_PROTOTYPES = YES;
				CLANG_WARN_SUSPICIOUS_MOVE = YES;
				CLANG_WARN_UNGUARDED_AVAILABILITY = YES_AGGRESSIVE;
				CLANG_WARN_UNREACHABLE_CODE = YES;
				CLANG_WARN__DUPLICATE_METHOD_MATCH = YES;
				CODE_SIGN_IDENTITY = "iPhone Distribution";
				COPY_PHASE_STRIP = NO;
				DEBUG_INFORMATION_FORMAT = "dwarf-with-dsym";
				ENABLE_NS_ASSERTIONS = NO;
				ENABLE_STRICT_OBJC_MSGSEND = YES;
				GCC_C_LANGUAGE_STANDARD = gnu11;
				GCC_NO_COMMON_BLOCKS = YES;
				GCC_WARN_64_TO_32_BIT_CONVERSION = YES;
				GCC_WARN_ABOUT_RETURN_TYPE = YES_ERROR;
				GCC_WARN_UNDECLARED_SELECTOR = YES;
				GCC_WARN_UNINITIALIZED_AUTOS = YES_AGGRESSIVE;
				GCC_WARN_UNUSED_FUNCTION = YES;
				GCC_WARN_UNUSED_VARIABLE = YES;
				IPHONEOS_DEPLOYMENT_TARGET = 11.1;
				MTL_ENABLE_DEBUG_INFO = NO;
				SDKROOT = iphoneos;
				VALIDATE_PRODUCT = YES;
			};
			name = Release;
		};
		A7D982D61FD0DE670046CDC6 /* Debug */ = {
			isa = XCBuildConfiguration;
			buildSettings = {
				ASSETCATALOG_COMPILER_APPICON_NAME = AppIcon;
				CLANG_ENABLE_OBJC_WEAK = YES;
				"CODE_SIGN_IDENTITY[sdk=iphoneos*]" = "iPhone Developer";
				CODE_SIGN_STYLE = Automatic;
				DEVELOPMENT_TEAM = QF7UF8B3D3;
				FRAMEWORK_SEARCH_PATHS = (
					"$(inherited)",
					"$(PROJECT_DIR)/DaoYouTong/Other/MoveOffice/Pods/AMapSearch",
					"$(PROJECT_DIR)/DaoYouTong/Other/MoveOffice/Pods/AMapFoundation",
					"$(PROJECT_DIR)/DaoYouTong/Other/MoveOffice/Pods/AMap2DMap",
				);
				GCC_PRECOMPILE_PREFIX_HEADER = YES;
				GCC_PREFIX_HEADER = "/Users/weishuai/Desktop/随身导游/DaoYouTong/DaoYouTong/Other/PrefixHeader.pch";
				INFOPLIST_FILE = DaoYouTong/Info.plist;
				IPHONEOS_DEPLOYMENT_TARGET = 10.0;
				LD_RUNPATH_SEARCH_PATHS = "$(inherited) @executable_path/Frameworks";
				PRODUCT_BUNDLE_IDENTIFIER = None.DaoYouTong;
				PRODUCT_NAME = "$(TARGET_NAME)";
				PROVISIONING_PROFILE_SPECIFIER = "";
				TARGETED_DEVICE_FAMILY = "1,2";
			};
			name = Debug;
		};
		A7D982D71FD0DE670046CDC6 /* Release */ = {
			isa = XCBuildConfiguration;
			buildSettings = {
				ASSETCATALOG_COMPILER_APPICON_NAME = AppIcon;
				CLANG_ENABLE_OBJC_WEAK = YES;
				"CODE_SIGN_IDENTITY[sdk=iphoneos*]" = "iPhone Developer";
				CODE_SIGN_STYLE = Automatic;
				DEVELOPMENT_TEAM = QF7UF8B3D3;
				FRAMEWORK_SEARCH_PATHS = (
					"$(inherited)",
					"$(PROJECT_DIR)/DaoYouTong/Other/MoveOffice/Pods/AMapSearch",
					"$(PROJECT_DIR)/DaoYouTong/Other/MoveOffice/Pods/AMapFoundation",
					"$(PROJECT_DIR)/DaoYouTong/Other/MoveOffice/Pods/AMap2DMap",
				);
				GCC_PRECOMPILE_PREFIX_HEADER = YES;
				GCC_PREFIX_HEADER = "/Users/weishuai/Desktop/随身导游/DaoYouTong/DaoYouTong/Other/PrefixHeader.pch";
				INFOPLIST_FILE = DaoYouTong/Info.plist;
				IPHONEOS_DEPLOYMENT_TARGET = 10.0;
				LD_RUNPATH_SEARCH_PATHS = "$(inherited) @executable_path/Frameworks";
				PRODUCT_BUNDLE_IDENTIFIER = None.DaoYouTong;
				PRODUCT_NAME = "$(TARGET_NAME)";
				PROVISIONING_PROFILE_SPECIFIER = "";
				TARGETED_DEVICE_FAMILY = "1,2";
			};
			name = Release;
		};
		A7D982D91FD0DE670046CDC6 /* Debug */ = {
			isa = XCBuildConfiguration;
			buildSettings = {
				BUNDLE_LOADER = "$(TEST_HOST)";
				CODE_SIGN_STYLE = Automatic;
				DEVELOPMENT_TEAM = QF7UF8B3D3;
				INFOPLIST_FILE = DaoYouTongTests/Info.plist;
				LD_RUNPATH_SEARCH_PATHS = "$(inherited) @executable_path/Frameworks @loader_path/Frameworks";
				PRODUCT_BUNDLE_IDENTIFIER = None.DaoYouTongTests;
				PRODUCT_NAME = "$(TARGET_NAME)";
				TARGETED_DEVICE_FAMILY = "1,2";
				TEST_HOST = "$(BUILT_PRODUCTS_DIR)/DaoYouTong.app/DaoYouTong";
			};
			name = Debug;
		};
		A7D982DA1FD0DE670046CDC6 /* Release */ = {
			isa = XCBuildConfiguration;
			buildSettings = {
				BUNDLE_LOADER = "$(TEST_HOST)";
				CODE_SIGN_STYLE = Automatic;
				DEVELOPMENT_TEAM = QF7UF8B3D3;
				INFOPLIST_FILE = DaoYouTongTests/Info.plist;
				LD_RUNPATH_SEARCH_PATHS = "$(inherited) @executable_path/Frameworks @loader_path/Frameworks";
				PRODUCT_BUNDLE_IDENTIFIER = None.DaoYouTongTests;
				PRODUCT_NAME = "$(TARGET_NAME)";
				TARGETED_DEVICE_FAMILY = "1,2";
				TEST_HOST = "$(BUILT_PRODUCTS_DIR)/DaoYouTong.app/DaoYouTong";
			};
			name = Release;
		};
		A7D982DC1FD0DE670046CDC6 /* Debug */ = {
			isa = XCBuildConfiguration;
			buildSettings = {
				CODE_SIGN_STYLE = Automatic;
				DEVELOPMENT_TEAM = QF7UF8B3D3;
				INFOPLIST_FILE = DaoYouTongUITests/Info.plist;
				LD_RUNPATH_SEARCH_PATHS = "$(inherited) @executable_path/Frameworks @loader_path/Frameworks";
				PRODUCT_BUNDLE_IDENTIFIER = None.DaoYouTongUITests;
				PRODUCT_NAME = "$(TARGET_NAME)";
				TARGETED_DEVICE_FAMILY = "1,2";
				TEST_TARGET_NAME = DaoYouTong;
			};
			name = Debug;
		};
		A7D982DD1FD0DE670046CDC6 /* Release */ = {
			isa = XCBuildConfiguration;
			buildSettings = {
				CODE_SIGN_STYLE = Automatic;
				DEVELOPMENT_TEAM = QF7UF8B3D3;
				INFOPLIST_FILE = DaoYouTongUITests/Info.plist;
				LD_RUNPATH_SEARCH_PATHS = "$(inherited) @executable_path/Frameworks @loader_path/Frameworks";
				PRODUCT_BUNDLE_IDENTIFIER = None.DaoYouTongUITests;
				PRODUCT_NAME = "$(TARGET_NAME)";
				TARGETED_DEVICE_FAMILY = "1,2";
				TEST_TARGET_NAME = DaoYouTong;
			};
			name = Release;
		};
/* End XCBuildConfiguration section */

/* Begin XCConfigurationList section */
		A7D982A41FD0DE660046CDC6 /* Build configuration list for PBXProject "DaoYouTong" */ = {
			isa = XCConfigurationList;
			buildConfigurations = (
				A7D982D31FD0DE670046CDC6 /* Debug */,
				A7D982D41FD0DE670046CDC6 /* Release */,
			);
			defaultConfigurationIsVisible = 0;
			defaultConfigurationName = Release;
		};
		A7D982D51FD0DE670046CDC6 /* Build configuration list for PBXNativeTarget "DaoYouTong" */ = {
			isa = XCConfigurationList;
			buildConfigurations = (
				A7D982D61FD0DE670046CDC6 /* Debug */,
				A7D982D71FD0DE670046CDC6 /* Release */,
			);
			defaultConfigurationIsVisible = 0;
			defaultConfigurationName = Release;
		};
		A7D982D81FD0DE670046CDC6 /* Build configuration list for PBXNativeTarget "DaoYouTongTests" */ = {
			isa = XCConfigurationList;
			buildConfigurations = (
				A7D982D91FD0DE670046CDC6 /* Debug */,
				A7D982DA1FD0DE670046CDC6 /* Release */,
			);
			defaultConfigurationIsVisible = 0;
			defaultConfigurationName = Release;
		};
		A7D982DB1FD0DE670046CDC6 /* Build configuration list for PBXNativeTarget "DaoYouTongUITests" */ = {
			isa = XCConfigurationList;
			buildConfigurations = (
				A7D982DC1FD0DE670046CDC6 /* Debug */,
				A7D982DD1FD0DE670046CDC6 /* Release */,
			);
			defaultConfigurationIsVisible = 0;
			defaultConfigurationName = Release;
		};
/* End XCConfigurationList section */
	};
	rootObject = A7D982A11FD0DE660046CDC6 /* Project object */;
}
